// !$*UTF8*$!
{
	archiveVersion = 1;
	classes = {
	};
	objectVersion = 50;
	objects = {

/* Begin PBXBuildFile section */
		B65D42D12612ECED0041D02F /* TouchDebugView.m in Sources */ = {isa = PBXBuildFile; fileRef = B65D42D02612ECEC0041D02F /* TouchDebugView.m */; };
		B6CF856E261C05D600E00CDB /* OCMemoryManagementViewController.m in Sources */ = {isa = PBXBuildFile; fileRef = B6CF856C261C05D600E00CDB /* OCMemoryManagementViewController.m */; };
		B6CF856F261C05D600E00CDB /* OCMemoryManagementViewController.xib in Resources */ = {isa = PBXBuildFile; fileRef = B6CF856D261C05D600E00CDB /* OCMemoryManagementViewController.xib */; };
		B6CF8575261C09A400E00CDB /* Person.m in Sources */ = {isa = PBXBuildFile; fileRef = B6CF8574261C09A400E00CDB /* Person.m */; };
		B6CF857C261C6B2C00E00CDB /* OCStructViewController.m in Sources */ = {isa = PBXBuildFile; fileRef = B6CF857A261C6B2B00E00CDB /* OCStructViewController.m */; };
		B6CF857D261C6B2C00E00CDB /* OCStructViewController.xib in Resources */ = {isa = PBXBuildFile; fileRef = B6CF857B261C6B2B00E00CDB /* OCStructViewController.xib */; };
		B6EC18AB261177AC008A980E /* RunloopSample.m in Sources */ = {isa = PBXBuildFile; fileRef = B6EC18AA261177AB008A980E /* RunloopSample.m */; };
		B6F5605D25F0C7DD00AEF26A /* AppDelegate.m in Sources */ = {isa = PBXBuildFile; fileRef = B6F5605C25F0C7DD00AEF26A /* AppDelegate.m */; };
		B6F5606025F0C7DD00AEF26A /* SceneDelegate.m in Sources */ = {isa = PBXBuildFile; fileRef = B6F5605F25F0C7DD00AEF26A /* SceneDelegate.m */; };
		B6F5606325F0C7DD00AEF26A /* ViewController.m in Sources */ = {isa = PBXBuildFile; fileRef = B6F5606225F0C7DD00AEF26A /* ViewController.m */; };
		B6F5606625F0C7DD00AEF26A /* Main.storyboard in Resources */ = {isa = PBXBuildFile; fileRef = B6F5606425F0C7DD00AEF26A /* Main.storyboard */; };
		B6F5606825F0C7DF00AEF26A /* Assets.xcassets in Resources */ = {isa = PBXBuildFile; fileRef = B6F5606725F0C7DF00AEF26A /* Assets.xcassets */; };
		B6F5606B25F0C7DF00AEF26A /* LaunchScreen.storyboard in Resources */ = {isa = PBXBuildFile; fileRef = B6F5606925F0C7DF00AEF26A /* LaunchScreen.storyboard */; };
		B6F5606E25F0C7DF00AEF26A /* main.m in Sources */ = {isa = PBXBuildFile; fileRef = B6F5606D25F0C7DF00AEF26A /* main.m */; };
		B6F5607925F0C84300AEF26A /* LRUMutableDictionary.m in Sources */ = {isa = PBXBuildFile; fileRef = B6F5607825F0C84300AEF26A /* LRUMutableDictionary.m */; };
		B6F5607F25F0DCDD00AEF26A /* StartSampleManager.m in Sources */ = {isa = PBXBuildFile; fileRef = B6F5607E25F0DCDD00AEF26A /* StartSampleManager.m */; };
		B6F5608425F5FEBE00AEF26A /* MemorySample.m in Sources */ = {isa = PBXBuildFile; fileRef = B6F5608325F5FEBD00AEF26A /* MemorySample.m */; };
		B6F5608B25F7240E00AEF26A /* ToolUtils.m in Sources */ = {isa = PBXBuildFile; fileRef = B6F5608A25F7240D00AEF26A /* ToolUtils.m */; };
		B6FE5FFD261DB781001A8707 /* OCMessageViewController.m in Sources */ = {isa = PBXBuildFile; fileRef = B6FE5FFB261DB781001A8707 /* OCMessageViewController.m */; };
		B6FE5FFE261DB781001A8707 /* OCMessageViewController.xib in Resources */ = {isa = PBXBuildFile; fileRef = B6FE5FFC261DB781001A8707 /* OCMessageViewController.xib */; };
/* End PBXBuildFile section */

/* Begin PBXFileReference section */
		B65D42CF2612ECEC0041D02F /* TouchDebugView.h */ = {isa = PBXFileReference; lastKnownFileType = sourcecode.c.h; path = TouchDebugView.h; sourceTree = "<group>"; };
		B65D42D02612ECEC0041D02F /* TouchDebugView.m */ = {isa = PBXFileReference; lastKnownFileType = sourcecode.c.objc; path = TouchDebugView.m; sourceTree = "<group>"; };
		B6CF856B261C05D600E00CDB /* OCMemoryManagementViewController.h */ = {isa = PBXFileReference; lastKnownFileType = sourcecode.c.h; path = OCMemoryManagementViewController.h; sourceTree = "<group>"; };
		B6CF856C261C05D600E00CDB /* OCMemoryManagementViewController.m */ = {isa = PBXFileReference; lastKnownFileType = sourcecode.c.objc; path = OCMemoryManagementViewController.m; sourceTree = "<group>"; };
		B6CF856D261C05D600E00CDB /* OCMemoryManagementViewController.xib */ = {isa = PBXFileReference; lastKnownFileType = file.xib; path = OCMemoryManagementViewController.xib; sourceTree = "<group>"; };
		B6CF8573261C09A400E00CDB /* Person.h */ = {isa = PBXFileReference; lastKnownFileType = sourcecode.c.h; path = Person.h; sourceTree = "<group>"; };
		B6CF8574261C09A400E00CDB /* Person.m */ = {isa = PBXFileReference; lastKnownFileType = sourcecode.c.objc; path = Person.m; sourceTree = "<group>"; };
		B6CF8579261C6B2B00E00CDB /* OCStructViewController.h */ = {isa = PBXFileReference; lastKnownFileType = sourcecode.c.h; path = OCStructViewController.h; sourceTree = "<group>"; };
		B6CF857A261C6B2B00E00CDB /* OCStructViewController.m */ = {isa = PBXFileReference; lastKnownFileType = sourcecode.c.objc; path = OCStructViewController.m; sourceTree = "<group>"; };
		B6CF857B261C6B2B00E00CDB /* OCStructViewController.xib */ = {isa = PBXFileReference; lastKnownFileType = file.xib; path = OCStructViewController.xib; sourceTree = "<group>"; };
		B6EC18A9261177AB008A980E /* RunloopSample.h */ = {isa = PBXFileReference; lastKnownFileType = sourcecode.c.h; path = RunloopSample.h; sourceTree = "<group>"; };
		B6EC18AA261177AB008A980E /* RunloopSample.m */ = {isa = PBXFileReference; lastKnownFileType = sourcecode.c.objc; path = RunloopSample.m; sourceTree = "<group>"; };
		B6F5605825F0C7DD00AEF26A /* QuickExampleOC.app */ = {isa = PBXFileReference; explicitFileType = wrapper.application; includeInIndex = 0; path = QuickExampleOC.app; sourceTree = BUILT_PRODUCTS_DIR; };
		B6F5605B25F0C7DD00AEF26A /* AppDelegate.h */ = {isa = PBXFileReference; lastKnownFileType = sourcecode.c.h; path = AppDelegate.h; sourceTree = "<group>"; };
		B6F5605C25F0C7DD00AEF26A /* AppDelegate.m */ = {isa = PBXFileReference; lastKnownFileType = sourcecode.c.objc; path = AppDelegate.m; sourceTree = "<group>"; };
		B6F5605E25F0C7DD00AEF26A /* SceneDelegate.h */ = {isa = PBXFileReference; lastKnownFileType = sourcecode.c.h; path = SceneDelegate.h; sourceTree = "<group>"; };
		B6F5605F25F0C7DD00AEF26A /* SceneDelegate.m */ = {isa = PBXFileReference; lastKnownFileType = sourcecode.c.objc; path = SceneDelegate.m; sourceTree = "<group>"; };
		B6F5606125F0C7DD00AEF26A /* ViewController.h */ = {isa = PBXFileReference; lastKnownFileType = sourcecode.c.h; path = ViewController.h; sourceTree = "<group>"; };
		B6F5606225F0C7DD00AEF26A /* ViewController.m */ = {isa = PBXFileReference; lastKnownFileType = sourcecode.c.objc; path = ViewController.m; sourceTree = "<group>"; };
		B6F5606525F0C7DD00AEF26A /* Base */ = {isa = PBXFileReference; lastKnownFileType = file.storyboard; name = Base; path = Base.lproj/Main.storyboard; sourceTree = "<group>"; };
		B6F5606725F0C7DF00AEF26A /* Assets.xcassets */ = {isa = PBXFileReference; lastKnownFileType = folder.assetcatalog; path = Assets.xcassets; sourceTree = "<group>"; };
		B6F5606A25F0C7DF00AEF26A /* Base */ = {isa = PBXFileReference; lastKnownFileType = file.storyboard; name = Base; path = Base.lproj/LaunchScreen.storyboard; sourceTree = "<group>"; };
		B6F5606C25F0C7DF00AEF26A /* Info.plist */ = {isa = PBXFileReference; lastKnownFileType = text.plist.xml; path = Info.plist; sourceTree = "<group>"; };
		B6F5606D25F0C7DF00AEF26A /* main.m */ = {isa = PBXFileReference; lastKnownFileType = sourcecode.c.objc; path = main.m; sourceTree = "<group>"; };
		B6F5607725F0C84300AEF26A /* LRUMutableDictionary.h */ = {isa = PBXFileReference; lastKnownFileType = sourcecode.c.h; path = LRUMutableDictionary.h; sourceTree = "<group>"; };
		B6F5607825F0C84300AEF26A /* LRUMutableDictionary.m */ = {isa = PBXFileReference; lastKnownFileType = sourcecode.c.objc; path = LRUMutableDictionary.m; sourceTree = "<group>"; };
		B6F5607D25F0DCDC00AEF26A /* StartSampleManager.h */ = {isa = PBXFileReference; lastKnownFileType = sourcecode.c.h; path = StartSampleManager.h; sourceTree = "<group>"; };
		B6F5607E25F0DCDD00AEF26A /* StartSampleManager.m */ = {isa = PBXFileReference; lastKnownFileType = sourcecode.c.objc; path = StartSampleManager.m; sourceTree = "<group>"; };
		B6F5608225F5FEBD00AEF26A /* MemorySample.h */ = {isa = PBXFileReference; lastKnownFileType = sourcecode.c.h; path = MemorySample.h; sourceTree = "<group>"; };
		B6F5608325F5FEBD00AEF26A /* MemorySample.m */ = {isa = PBXFileReference; lastKnownFileType = sourcecode.c.objc; path = MemorySample.m; sourceTree = "<group>"; };
		B6F5608925F7240D00AEF26A /* ToolUtils.h */ = {isa = PBXFileReference; lastKnownFileType = sourcecode.c.h; path = ToolUtils.h; sourceTree = "<group>"; };
		B6F5608A25F7240D00AEF26A /* ToolUtils.m */ = {isa = PBXFileReference; lastKnownFileType = sourcecode.c.objc; path = ToolUtils.m; sourceTree = "<group>"; };
		B6FE5FFA261DB781001A8707 /* OCMessageViewController.h */ = {isa = PBXFileReference; lastKnownFileType = sourcecode.c.h; path = OCMessageViewController.h; sourceTree = "<group>"; };
		B6FE5FFB261DB781001A8707 /* OCMessageViewController.m */ = {isa = PBXFileReference; lastKnownFileType = sourcecode.c.objc; path = OCMessageViewController.m; sourceTree = "<group>"; };
		B6FE5FFC261DB781001A8707 /* OCMessageViewController.xib */ = {isa = PBXFileReference; lastKnownFileType = file.xib; path = OCMessageViewController.xib; sourceTree = "<group>"; };
/* End PBXFileReference section */

/* Begin PBXFrameworksBuildPhase section */
		B6F5605525F0C7DD00AEF26A /* Frameworks */ = {
			isa = PBXFrameworksBuildPhase;
			buildActionMask = 2147483647;
			files = (
			);
			runOnlyForDeploymentPostprocessing = 0;
		};
/* End PBXFrameworksBuildPhase section */

/* Begin PBXGroup section */
		B6CF8568261C013900E00CDB /* Features */ = {
			isa = PBXGroup;
			children = (
				B6FE5FF9261DB762001A8707 /* OCMessage */,
				B6CF8578261C6B0B00E00CDB /* OCStruct */,
				B6CF8569261C014C00E00CDB /* OCMemoryManagement */,
			);
			path = Features;
			sourceTree = "<group>";
		};
		B6CF8569261C014C00E00CDB /* OCMemoryManagement */ = {
			isa = PBXGroup;
			children = (
				B6CF856B261C05D600E00CDB /* OCMemoryManagementViewController.h */,
				B6CF856C261C05D600E00CDB /* OCMemoryManagementViewController.m */,
				B6CF856D261C05D600E00CDB /* OCMemoryManagementViewController.xib */,
			);
			path = OCMemoryManagement;
			sourceTree = "<group>";
		};
		B6CF8578261C6B0B00E00CDB /* OCStruct */ = {
			isa = PBXGroup;
			children = (
				B6CF8579261C6B2B00E00CDB /* OCStructViewController.h */,
				B6CF857A261C6B2B00E00CDB /* OCStructViewController.m */,
				B6CF857B261C6B2B00E00CDB /* OCStructViewController.xib */,
			);
			path = OCStruct;
			sourceTree = "<group>";
		};
		B6EC18A826117788008A980E /* Runloop */ = {
			isa = PBXGroup;
			children = (
				B6EC18A9261177AB008A980E /* RunloopSample.h */,
				B6EC18AA261177AB008A980E /* RunloopSample.m */,
			);
			path = Runloop;
			sourceTree = "<group>";
		};
		B6F5604F25F0C7DD00AEF26A = {
			isa = PBXGroup;
			children = (
				B6F5605A25F0C7DD00AEF26A /* QuickExampleOC */,
				B6F5605925F0C7DD00AEF26A /* Products */,
			);
			sourceTree = "<group>";
		};
		B6F5605925F0C7DD00AEF26A /* Products */ = {
			isa = PBXGroup;
			children = (
				B6F5605825F0C7DD00AEF26A /* QuickExampleOC.app */,
			);
			name = Products;
			sourceTree = "<group>";
		};
		B6F5605A25F0C7DD00AEF26A /* QuickExampleOC */ = {
			isa = PBXGroup;
			children = (
				B6CF8568261C013900E00CDB /* Features */,
				B6EC18A826117788008A980E /* Runloop */,
				B6F5608825F723E600AEF26A /* Utils */,
				B6F5608125F5FEA800AEF26A /* Memory */,
				B6F5607625F0C80C00AEF26A /* LRU */,
				B6F5607525F0C7EE00AEF26A /* Main */,
				B6F5606425F0C7DD00AEF26A /* Main.storyboard */,
				B6F5606725F0C7DF00AEF26A /* Assets.xcassets */,
				B6F5606925F0C7DF00AEF26A /* LaunchScreen.storyboard */,
				B6F5606C25F0C7DF00AEF26A /* Info.plist */,
				B6F5606D25F0C7DF00AEF26A /* main.m */,
			);
			path = QuickExampleOC;
			sourceTree = "<group>";
		};
		B6F5607525F0C7EE00AEF26A /* Main */ = {
			isa = PBXGroup;
			children = (
				B6F5605B25F0C7DD00AEF26A /* AppDelegate.h */,
				B6F5605C25F0C7DD00AEF26A /* AppDelegate.m */,
				B6F5605E25F0C7DD00AEF26A /* SceneDelegate.h */,
				B6F5605F25F0C7DD00AEF26A /* SceneDelegate.m */,
				B6F5606125F0C7DD00AEF26A /* ViewController.h */,
				B6F5606225F0C7DD00AEF26A /* ViewController.m */,
				B65D42CF2612ECEC0041D02F /* TouchDebugView.h */,
				B65D42D02612ECEC0041D02F /* TouchDebugView.m */,
				B6F5607D25F0DCDC00AEF26A /* StartSampleManager.h */,
				B6F5607E25F0DCDD00AEF26A /* StartSampleManager.m */,
			);
			path = Main;
			sourceTree = "<group>";
		};
		B6F5607625F0C80C00AEF26A /* LRU */ = {
			isa = PBXGroup;
			children = (
				B6F5607725F0C84300AEF26A /* LRUMutableDictionary.h */,
				B6F5607825F0C84300AEF26A /* LRUMutableDictionary.m */,
			);
			path = LRU;
			sourceTree = "<group>";
		};
		B6F5608125F5FEA800AEF26A /* Memory */ = {
			isa = PBXGroup;
			children = (
				B6F5608225F5FEBD00AEF26A /* MemorySample.h */,
				B6F5608325F5FEBD00AEF26A /* MemorySample.m */,
			);
			path = Memory;
			sourceTree = "<group>";
		};
		B6F5608825F723E600AEF26A /* Utils */ = {
			isa = PBXGroup;
			children = (
				B6F5608925F7240D00AEF26A /* ToolUtils.h */,
				B6F5608A25F7240D00AEF26A /* ToolUtils.m */,
				B6CF8573261C09A400E00CDB /* Person.h */,
				B6CF8574261C09A400E00CDB /* Person.m */,
			);
			path = Utils;
			sourceTree = "<group>";
		};
		B6FE5FF9261DB762001A8707 /* OCMessage */ = {
			isa = PBXGroup;
			children = (
				B6FE5FFA261DB781001A8707 /* OCMessageViewController.h */,
				B6FE5FFB261DB781001A8707 /* OCMessageViewController.m */,
				B6FE5FFC261DB781001A8707 /* OCMessageViewController.xib */,
			);
			path = OCMessage;
			sourceTree = "<group>";
		};
/* End PBXGroup section */

/* Begin PBXNativeTarget section */
		B6F5605725F0C7DD00AEF26A /* QuickExampleOC */ = {
			isa = PBXNativeTarget;
			buildConfigurationList = B6F5607125F0C7DF00AEF26A /* Build configuration list for PBXNativeTarget "QuickExampleOC" */;
			buildPhases = (
				B6F5605425F0C7DD00AEF26A /* Sources */,
				B6F5605525F0C7DD00AEF26A /* Frameworks */,
				B6F5605625F0C7DD00AEF26A /* Resources */,
			);
			buildRules = (
			);
			dependencies = (
			);
			name = QuickExampleOC;
			productName = QuickExampleOC;
			productReference = B6F5605825F0C7DD00AEF26A /* QuickExampleOC.app */;
			productType = "com.apple.product-type.application";
		};
/* End PBXNativeTarget section */

/* Begin PBXProject section */
		B6F5605025F0C7DD00AEF26A /* Project object */ = {
			isa = PBXProject;
			attributes = {
				LastUpgradeCheck = 1230;
				TargetAttributes = {
					B6F5605725F0C7DD00AEF26A = {
						CreatedOnToolsVersion = 12.3;
					};
				};
			};
			buildConfigurationList = B6F5605325F0C7DD00AEF26A /* Build configuration list for PBXProject "QuickExampleOC" */;
			compatibilityVersion = "Xcode 9.3";
			developmentRegion = en;
			hasScannedForEncodings = 0;
			knownRegions = (
				en,
				Base,
			);
			mainGroup = B6F5604F25F0C7DD00AEF26A;
			productRefGroup = B6F5605925F0C7DD00AEF26A /* Products */;
			projectDirPath = "";
			projectRoot = "";
			targets = (
				B6F5605725F0C7DD00AEF26A /* QuickExampleOC */,
			);
		};
/* End PBXProject section */

/* Begin PBXResourcesBuildPhase section */
		B6F5605625F0C7DD00AEF26A /* Resources */ = {
			isa = PBXResourcesBuildPhase;
			buildActionMask = 2147483647;
			files = (
				B6CF856F261C05D600E00CDB /* OCMemoryManagementViewController.xib in Resources */,
				B6F5606B25F0C7DF00AEF26A /* LaunchScreen.storyboard in Resources */,
				B6FE5FFE261DB781001A8707 /* OCMessageViewController.xib in Resources */,
				B6CF857D261C6B2C00E00CDB /* OCStructViewController.xib in Resources */,
				B6F5606825F0C7DF00AEF26A /* Assets.xcassets in Resources */,
				B6F5606625F0C7DD00AEF26A /* Main.storyboard in Resources */,
			);
			runOnlyForDeploymentPostprocessing = 0;
		};
/* End PBXResourcesBuildPhase section */

/* Begin PBXSourcesBuildPhase section */
		B6F5605425F0C7DD00AEF26A /* Sources */ = {
			isa = PBXSourcesBuildPhase;
			buildActionMask = 2147483647;
			files = (
				B6F5606325F0C7DD00AEF26A /* ViewController.m in Sources */,
				B6F5608425F5FEBE00AEF26A /* MemorySample.m in Sources */,
				B65D42D12612ECED0041D02F /* TouchDebugView.m in Sources */,
				B6F5605D25F0C7DD00AEF26A /* AppDelegate.m in Sources */,
				B6CF856E261C05D600E00CDB /* OCMemoryManagementViewController.m in Sources */,
				B6CF857C261C6B2C00E00CDB /* OCStructViewController.m in Sources */,
				B6EC18AB261177AC008A980E /* RunloopSample.m in Sources */,
				B6CF8575261C09A400E00CDB /* Person.m in Sources */,
				B6FE5FFD261DB781001A8707 /* OCMessageViewController.m in Sources */,
				B6F5607F25F0DCDD00AEF26A /* StartSampleManager.m in Sources */,
				B6F5606E25F0C7DF00AEF26A /* main.m in Sources */,
				B6F5608B25F7240E00AEF26A /* ToolUtils.m in Sources */,
				B6F5607925F0C84300AEF26A /* LRUMutableDictionary.m in Sources */,
				B6F5606025F0C7DD00AEF26A /* SceneDelegate.m in Sources */,
			);
			runOnlyForDeploymentPostprocessing = 0;
		};
/* End PBXSourcesBuildPhase section */

/* Begin PBXVariantGroup section */
		B6F5606425F0C7DD00AEF26A /* Main.storyboard */ = {
			isa = PBXVariantGroup;
			children = (
				B6F5606525F0C7DD00AEF26A /* Base */,
			);
			name = Main.storyboard;
			sourceTree = "<group>";
		};
		B6F5606925F0C7DF00AEF26A /* LaunchScreen.storyboard */ = {
			isa = PBXVariantGroup;
			children = (
				B6F5606A25F0C7DF00AEF26A /* Base */,
			);
			name = LaunchScreen.storyboard;
			sourceTree = "<group>";
		};
/* End PBXVariantGroup section */

/* Begin XCBuildConfiguration section */
		B6F5606F25F0C7DF00AEF26A /* Debug */ = {
			isa = XCBuildConfiguration;
			buildSettings = {
				ALWAYS_SEARCH_USER_PATHS = NO;
				CLANG_ANALYZER_NONNULL = YES;
				CLANG_ANALYZER_NUMBER_OBJECT_CONVERSION = YES_AGGRESSIVE;
				CLANG_CXX_LANGUAGE_STANDARD = "gnu++14";
				CLANG_CXX_LIBRARY = "libc++";
				CLANG_ENABLE_MODULES = YES;
				CLANG_ENABLE_OBJC_ARC = YES;
				CLANG_ENABLE_OBJC_WEAK = YES;
				CLANG_WARN_BLOCK_CAPTURE_AUTORELEASING = YES;
				CLANG_WARN_BOOL_CONVERSION = YES;
				CLANG_WARN_COMMA = YES;
				CLANG_WARN_CONSTANT_CONVERSION = YES;
				CLANG_WARN_DEPRECATED_OBJC_IMPLEMENTATIONS = YES;
				CLANG_WARN_DIRECT_OBJC_ISA_USAGE = YES_ERROR;
				CLANG_WARN_DOCUMENTATION_COMMENTS = YES;
				CLANG_WARN_EMPTY_BODY = YES;
				CLANG_WARN_ENUM_CONVERSION = YES;
				CLANG_WARN_INFINITE_RECURSION = YES;
				CLANG_WARN_INT_CONVERSION = YES;
				CLANG_WARN_NON_LITERAL_NULL_CONVERSION = YES;
				CLANG_WARN_OBJC_IMPLICIT_RETAIN_SELF = YES;
				CLANG_WARN_OBJC_LITERAL_CONVERSION = YES;
				CLANG_WARN_OBJC_ROOT_CLASS = YES_ERROR;
				CLANG_WARN_QUOTED_INCLUDE_IN_FRAMEWORK_HEADER = YES;
				CLANG_WARN_RANGE_LOOP_ANALYSIS = YES;
				CLANG_WARN_STRICT_PROTOTYPES = YES;
				CLANG_WARN_SUSPICIOUS_MOVE = YES;
				CLANG_WARN_UNGUARDED_AVAILABILITY = YES_AGGRESSIVE;
				CLANG_WARN_UNREACHABLE_CODE = YES;
				CLANG_WARN__DUPLICATE_METHOD_MATCH = YES;
				COPY_PHASE_STRIP = NO;
				DEBUG_INFORMATION_FORMAT = dwarf;
				ENABLE_STRICT_OBJC_MSGSEND = YES;
				ENABLE_TESTABILITY = YES;
				GCC_C_LANGUAGE_STANDARD = gnu11;
				GCC_DYNAMIC_NO_PIC = NO;
				GCC_NO_COMMON_BLOCKS = YES;
				GCC_OPTIMIZATION_LEVEL = 0;
				GCC_PREPROCESSOR_DEFINITIONS = (
					"DEBUG=1",
					"$(inherited)",
				);
				GCC_WARN_64_TO_32_BIT_CONVERSION = YES;
				GCC_WARN_ABOUT_RETURN_TYPE = YES_ERROR;
				GCC_WARN_UNDECLARED_SELECTOR = YES;
				GCC_WARN_UNINITIALIZED_AUTOS = YES_AGGRESSIVE;
				GCC_WARN_UNUSED_FUNCTION = YES;
				GCC_WARN_UNUSED_VARIABLE = YES;
				IPHONEOS_DEPLOYMENT_TARGET = 14.3;
				MTL_ENABLE_DEBUG_INFO = INCLUDE_SOURCE;
				MTL_FAST_MATH = YES;
				ONLY_ACTIVE_ARCH = YES;
				SDKROOT = iphoneos;
			};
			name = Debug;
		};
		B6F5607025F0C7DF00AEF26A /* Release */ = {
			isa = XCBuildConfiguration;
			buildSettings = {
				ALWAYS_SEARCH_USER_PATHS = NO;
				CLANG_ANALYZER_NONNULL = YES;
				CLANG_ANALYZER_NUMBER_OBJECT_CONVERSION = YES_AGGRESSIVE;
				CLANG_CXX_LANGUAGE_STANDARD = "gnu++14";
				CLANG_CXX_LIBRARY = "libc++";
				CLANG_ENABLE_MODULES = YES;
				CLANG_ENABLE_OBJC_ARC = YES;
				CLANG_ENABLE_OBJC_WEAK = YES;
				CLANG_WARN_BLOCK_CAPTURE_AUTORELEASING = YES;
				CLANG_WARN_BOOL_CONVERSION = YES;
				CLANG_WARN_COMMA = YES;
				CLANG_WARN_CONSTANT_CONVERSION = YES;
				CLANG_WARN_DEPRECATED_OBJC_IMPLEMENTATIONS = YES;
				CLANG_WARN_DIRECT_OBJC_ISA_USAGE = YES_ERROR;
				CLANG_WARN_DOCUMENTATION_COMMENTS = YES;
				CLANG_WARN_EMPTY_BODY = YES;
				CLANG_WARN_ENUM_CONVERSION = YES;
				CLANG_WARN_INFINITE_RECURSION = YES;
				CLANG_WARN_INT_CONVERSION = YES;
				CLANG_WARN_NON_LITERAL_NULL_CONVERSION = YES;
				CLANG_WARN_OBJC_IMPLICIT_RETAIN_SELF = YES;
				CLANG_WARN_OBJC_LITERAL_CONVERSION = YES;
				CLANG_WARN_OBJC_ROOT_CLASS = YES_ERROR;
				CLANG_WARN_QUOTED_INCLUDE_IN_FRAMEWORK_HEADER = YES;
				CLANG_WARN_RANGE_LOOP_ANALYSIS = YES;
				CLANG_WARN_STRICT_PROTOTYPES = YES;
				CLANG_WARN_SUSPICIOUS_MOVE = YES;
				CLANG_WARN_UNGUARDED_AVAILABILITY = YES_AGGRESSIVE;
				CLANG_WARN_UNREACHABLE_CODE = YES;
				CLANG_WARN__DUPLICATE_METHOD_MATCH = YES;
				COPY_PHASE_STRIP = NO;
				DEBUG_INFORMATION_FORMAT = "dwarf-with-dsym";
				ENABLE_NS_ASSERTIONS = NO;
				ENABLE_STRICT_OBJC_MSGSEND = YES;
				GCC_C_LANGUAGE_STANDARD = gnu11;
				GCC_NO_COMMON_BLOCKS = YES;
				GCC_WARN_64_TO_32_BIT_CONVERSION = YES;
				GCC_WARN_ABOUT_RETURN_TYPE = YES_ERROR;
				GCC_WARN_UNDECLARED_SELECTOR = YES;
				GCC_WARN_UNINITIALIZED_AUTOS = YES_AGGRESSIVE;
				GCC_WARN_UNUSED_FUNCTION = YES;
				GCC_WARN_UNUSED_VARIABLE = YES;
				IPHONEOS_DEPLOYMENT_TARGET = 14.3;
				MTL_ENABLE_DEBUG_INFO = NO;
				MTL_FAST_MATH = YES;
				SDKROOT = iphoneos;
				VALIDATE_PRODUCT = YES;
			};
			name = Release;
		};
		B6F5607225F0C7DF00AEF26A /* Debug */ = {
			isa = XCBuildConfiguration;
			buildSettings = {
				ASSETCATALOG_COMPILER_APPICON_NAME = AppIcon;
				ASSETCATALOG_COMPILER_GLOBAL_ACCENT_COLOR_NAME = AccentColor;
				CODE_SIGN_STYLE = Automatic;
				DEVELOPMENT_TEAM = 4X27Y8T4R4;
				INFOPLIST_FILE = QuickExampleOC/Info.plist;
				IPHONEOS_DEPLOYMENT_TARGET = 13.0;
				LD_RUNPATH_SEARCH_PATHS = (
					"$(inherited)",
					"@executable_path/Frameworks",
				);
				PRODUCT_BUNDLE_IDENTIFIER = com.liam.QuickExampleOC;
				PRODUCT_NAME = "$(TARGET_NAME)";
				TARGETED_DEVICE_FAMILY = "1,2";
			};
			name = Debug;
		};
		B6F5607325F0C7DF00AEF26A /* Release */ = {
			isa = XCBuildConfiguration;
			buildSettings = {
				ASSETCATALOG_COMPILER_APPICON_NAME = AppIcon;
				ASSETCATALOG_COMPILER_GLOBAL_ACCENT_COLOR_NAME = AccentColor;
				CODE_SIGN_STYLE = Automatic;
				DEVELOPMENT_TEAM = 4X27Y8T4R4;
				INFOPLIST_FILE = QuickExampleOC/Info.plist;
				IPHONEOS_DEPLOYMENT_TARGET = 13.0;
				LD_RUNPATH_SEARCH_PATHS = (
					"$(inherited)",
					"@executable_path/Frameworks",
				);
				PRODUCT_BUNDLE_IDENTIFIER = com.liam.QuickExampleOC;
				PRODUCT_NAME = "$(TARGET_NAME)";
				TARGETED_DEVICE_FAMILY = "1,2";
			};
			name = Release;
		};
/* End XCBuildConfiguration section */

/* Begin XCConfigurationList section */
		B6F5605325F0C7DD00AEF26A /* Build configuration list for PBXProject "QuickExampleOC" */ = {
			isa = XCConfigurationList;
			buildConfigurations = (
				B6F5606F25F0C7DF00AEF26A /* Debug */,
				B6F5607025F0C7DF00AEF26A /* Release */,
			);
			defaultConfigurationIsVisible = 0;
			defaultConfigurationName = Release;
		};
		B6F5607125F0C7DF00AEF26A /* Build configuration list for PBXNativeTarget "QuickExampleOC" */ = {
			isa = XCConfigurationList;
			buildConfigurations = (
				B6F5607225F0C7DF00AEF26A /* Debug */,
				B6F5607325F0C7DF00AEF26A /* Release */,
			);
			defaultConfigurationIsVisible = 0;
			defaultConfigurationName = Release;
		};
/* End XCConfigurationList section */
	};
	rootObject = B6F5605025F0C7DD00AEF26A /* Project object */;
}
